
Microsoft Visual Studio Solution File, Format Version 12.00
# Visual Studio Version 17
VisualStudioVersion = 17.14.36221.1 d17.14
MinimumVisualStudioVersion = 10.0.40219.1
Project("{FAE04EC0-301F-11D3-BF4B-00C04F79EFBC}") = "todoListApi", "todoListApi\todoListApi.csproj", "{789D193E-7AEF-48CC-B386-EBC9953570BB}"
EndProject
Global
	GlobalSection(SolutionConfigurationPlatforms) = preSolution
		Debug|Any CPU = Debug|Any CPU
		Release|Any CPU = Release|Any CPU
	EndGlobalSection
	GlobalSection(ProjectConfigurationPlatforms) = postSolution
		{789D193E-7AEF-48CC-B386-EBC9953570BB}.Debug|Any CPU.ActiveCfg = Debug|Any CPU
		{789D193E-7AEF-48CC-B386-EBC9953570BB}.Debug|Any CPU.Build.0 = Debug|Any CPU
		{789D193E-7AEF-48CC-B386-EBC9953570BB}.Release|Any CPU.ActiveCfg = Release|Any CPU
		{789D193E-7AEF-48CC-B386-EBC9953570BB}.Release|Any CPU.Build.0 = Release|Any CPU
	EndGlobalSection
	GlobalSection(SolutionProperties) = preSolution
		HideSolutionNode = FALSE
	EndGlobalSection
	GlobalSection(ExtensibilityGlobals) = postSolution
		SolutionGuid = {20A55364-EFE5-47B8-A742-4992DEDBE5F9}
	EndGlobalSection
EndGlobal
